
Microsoft Visual Studio Solution File, Format Version 12.00
# Visual Studio 15
VisualStudioVersion = 15.0.28307.421
MinimumVisualStudioVersion = 10.0.40219.1
Project("{888888A0-9F3D-457C-B088-3A5042F75D52}") = "shape", "shape\shape.pyproj", "{243B2D34-0325-4D02-8EDE-748AC3B3677A}"
EndProject
Global
	GlobalSection(SolutionConfigurationPlatforms) = preSolution
		Debug|Any CPU = Debug|Any CPU
		Release|Any CPU = Release|Any CPU
	EndGlobalSection
	GlobalSection(ProjectConfigurationPlatforms) = postSolution
		{243B2D34-0325-4D02-8EDE-748AC3B3677A}.Debug|Any CPU.ActiveCfg = Debug|Any CPU
		{243B2D34-0325-4D02-8EDE-748AC3B3677A}.Release|Any CPU.ActiveCfg = Release|Any CPU
	EndGlobalSection
	GlobalSection(SolutionProperties) = preSolution
		HideSolutionNode = FALSE
	EndGlobalSection
	GlobalSection(ExtensibilityGlobals) = postSolution
		SolutionGuid = {BD4E97F3-88F9-45F2-BDF1-22B14AA21C0D}
	EndGlobalSection
EndGlobal
